
Microsoft Visual Studio Solution File, Format Version 12.00
# Visual Studio Version 17
VisualStudioVersion = 17.8.34511.84
MinimumVisualStudioVersion = 10.0.40219.1
Project("{FAE04EC0-301F-11D3-BF4B-00C04F79EFBC}") = "WebApplication5", "WebApplication5\WebApplication5.csproj", "{57CB9438-F966-45EF-BE23-1E5D875318BA}"
EndProject
Global
	GlobalSection(SolutionConfigurationPlatforms) = preSolution
		Debug|Any CPU = Debug|Any CPU
		Release|Any CPU = Release|Any CPU
	EndGlobalSection
	GlobalSection(ProjectConfigurationPlatforms) = postSolution
		{57CB9438-F966-45EF-BE23-1E5D875318BA}.Debug|Any CPU.ActiveCfg = Debug|Any CPU
		{57CB9438-F966-45EF-BE23-1E5D875318BA}.Debug|Any CPU.Build.0 = Debug|Any CPU
		{57CB9438-F966-45EF-BE23-1E5D875318BA}.Release|Any CPU.ActiveCfg = Release|Any CPU
		{57CB9438-F966-45EF-BE23-1E5D875318BA}.Release|Any CPU.Build.0 = Release|Any CPU
	EndGlobalSection
	GlobalSection(SolutionProperties) = preSolution
		HideSolutionNode = FALSE
	EndGlobalSection
	GlobalSection(ExtensibilityGlobals) = postSolution
		SolutionGuid = {80FC95BC-2452-4DC8-A6C3-FA02FE0CF4BF}
	EndGlobalSection
EndGlobal
